
Microsoft Visual Studio Solution File, Format Version 12.00
# Visual Studio Version 17
VisualStudioVersion = 17.3.32825.248
MinimumVisualStudioVersion = 10.0.40219.1
Project("{FAE04EC0-301F-11D3-BF4B-00C04F79EFBC}") = "Laba4-OS", "Laba4-OS.csproj", "{780FE07F-54E7-4F48-A2D3-3994FD622371}"
EndProject
Global
	GlobalSection(SolutionConfigurationPlatforms) = preSolution
		Debug|Any CPU = Debug|Any CPU
		Release|Any CPU = Release|Any CPU
	EndGlobalSection
	GlobalSection(ProjectConfigurationPlatforms) = postSolution
		{780FE07F-54E7-4F48-A2D3-3994FD622371}.Debug|Any CPU.ActiveCfg = Debug|Any CPU
		{780FE07F-54E7-4F48-A2D3-3994FD622371}.Debug|Any CPU.Build.0 = Debug|Any CPU
		{780FE07F-54E7-4F48-A2D3-3994FD622371}.Release|Any CPU.ActiveCfg = Release|Any CPU
		{780FE07F-54E7-4F48-A2D3-3994FD622371}.Release|Any CPU.Build.0 = Release|Any CPU
	EndGlobalSection
	GlobalSection(SolutionProperties) = preSolution
		HideSolutionNode = FALSE
	EndGlobalSection
	GlobalSection(ExtensibilityGlobals) = postSolution
		SolutionGuid = {650E2121-A8EC-4796-A343-1A04D10B9123}
	EndGlobalSection
EndGlobal
